
Microsoft Visual Studio Solution File, Format Version 12.00
# Visual Studio Version 16
VisualStudioVersion = 16.0.32002.261
MinimumVisualStudioVersion = 10.0.40219.1
Project("{FAE04EC0-301F-11D3-BF4B-00C04F79EFBC}") = "EPAM.FileSharing.ConsolePL", "EPAM.FileSharing.ConsolePL\EPAM.FileSharing.ConsolePL.csproj", "{BEBEE7BE-A179-4B6B-9826-835286F5B430}"
EndProject
Project("{FAE04EC0-301F-11D3-BF4B-00C04F79EFBC}") = "EPAM.FileSharing.BLL", "EPAM.FileSharing.BLL\EPAM.FileSharing.BLL.csproj", "{18EB868E-5E46-4362-9E6C-47F168076B57}"
EndProject
Project("{FAE04EC0-301F-11D3-BF4B-00C04F79EFBC}") = "EPAM.FileSharing.DAL", "EPAM.FileSharing.DAL\EPAM.FileSharing.DAL.csproj", "{E41EEE71-7339-46C1-BACA-0ED659F9662E}"
EndProject
Project("{FAE04EC0-301F-11D3-BF4B-00C04F79EFBC}") = "EPAM.FileSharing.Entities", "EPAM.FileSharing.Entities\EPAM.FileSharing.Entities.csproj", "{7EFA4CF8-E4F9-469E-A077-495ECC18A8A5}"
EndProject
Project("{FAE04EC0-301F-11D3-BF4B-00C04F79EFBC}") = "EPAM.FileSharing.SQLDAL", "EPAM.FileSharing.SQLDAL\EPAM.FileSharing.SQLDAL.csproj", "{4BCDBFDB-D9F8-4219-9284-B55A36AE49F3}"
EndProject
Project("{2150E333-8FDC-42A3-9474-1A3956D46DE8}") = "BLL", "BLL", "{40919672-0824-4F58-9123-3A7448F3A56A}"
EndProject
Project("{2150E333-8FDC-42A3-9474-1A3956D46DE8}") = "PL", "PL", "{80A775AA-7E64-4932-BE28-5A6E2540571A}"
EndProject
Project("{2150E333-8FDC-42A3-9474-1A3956D46DE8}") = "DAL", "DAL", "{3ED7D775-CC67-455D-A4CB-8F8DC16AD1A2}"
EndProject
Project("{2150E333-8FDC-42A3-9474-1A3956D46DE8}") = "Common", "Common", "{9102D1E0-2943-4197-A5D9-A3EA17A11D23}"
EndProject
Project("{FAE04EC0-301F-11D3-BF4B-00C04F79EFBC}") = "EPAM.FileSharing.DAL.Interfaces", "EPAM.FileSharing.DALInterfaces\EPAM.FileSharing.DAL.Interfaces.csproj", "{E8894E79-A0E3-4AB3-91B6-33EBAABA5206}"
EndProject
Project("{FAE04EC0-301F-11D3-BF4B-00C04F79EFBC}") = "EPAM.FileSharing.Dependencies", "EPAM.FileSharing.Dependencies\EPAM.FileSharing.Dependencies.csproj", "{9B5E617F-7864-4152-BBEC-DFB428FD08D5}"
EndProject
Project("{FAE04EC0-301F-11D3-BF4B-00C04F79EFBC}") = "EPAM.FileSharing.BLLInterfaces", "EPAM.FileSharing.BLLInterfaces\EPAM.FileSharing.BLLInterfaces.csproj", "{5FDB1B93-8521-4173-93E0-ED3F9040C2C2}"
EndProject
Global
	GlobalSection(SolutionConfigurationPlatforms) = preSolution
		Debug|Any CPU = Debug|Any CPU
		Release|Any CPU = Release|Any CPU
	EndGlobalSection
	GlobalSection(ProjectConfigurationPlatforms) = postSolution
		{BEBEE7BE-A179-4B6B-9826-835286F5B430}.Debug|Any CPU.ActiveCfg = Debug|Any CPU
		{BEBEE7BE-A179-4B6B-9826-835286F5B430}.Debug|Any CPU.Build.0 = Debug|Any CPU
		{BEBEE7BE-A179-4B6B-9826-835286F5B430}.Release|Any CPU.ActiveCfg = Release|Any CPU
		{BEBEE7BE-A179-4B6B-9826-835286F5B430}.Release|Any CPU.Build.0 = Release|Any CPU
		{18EB868E-5E46-4362-9E6C-47F168076B57}.Debug|Any CPU.ActiveCfg = Debug|Any CPU
		{18EB868E-5E46-4362-9E6C-47F168076B57}.Debug|Any CPU.Build.0 = Debug|Any CPU
		{18EB868E-5E46-4362-9E6C-47F168076B57}.Release|Any CPU.ActiveCfg = Release|Any CPU
		{18EB868E-5E46-4362-9E6C-47F168076B57}.Release|Any CPU.Build.0 = Release|Any CPU
		{E41EEE71-7339-46C1-BACA-0ED659F9662E}.Debug|Any CPU.ActiveCfg = Debug|Any CPU
		{E41EEE71-7339-46C1-BACA-0ED659F9662E}.Debug|Any CPU.Build.0 = Debug|Any CPU
		{E41EEE71-7339-46C1-BACA-0ED659F9662E}.Release|Any CPU.ActiveCfg = Release|Any CPU
		{E41EEE71-7339-46C1-BACA-0ED659F9662E}.Release|Any CPU.Build.0 = Release|Any CPU
		{7EFA4CF8-E4F9-469E-A077-495ECC18A8A5}.Debug|Any CPU.ActiveCfg = Debug|Any CPU
		{7EFA4CF8-E4F9-469E-A077-495ECC18A8A5}.Debug|Any CPU.Build.0 = Debug|Any CPU
		{7EFA4CF8-E4F9-469E-A077-495ECC18A8A5}.Release|Any CPU.ActiveCfg = Release|Any CPU
		{7EFA4CF8-E4F9-469E-A077-495ECC18A8A5}.Release|Any CPU.Build.0 = Release|Any CPU
		{4BCDBFDB-D9F8-4219-9284-B55A36AE49F3}.Debug|Any CPU.ActiveCfg = Debug|Any CPU
		{4BCDBFDB-D9F8-4219-9284-B55A36AE49F3}.Debug|Any CPU.Build.0 = Debug|Any CPU
		{4BCDBFDB-D9F8-4219-9284-B55A36AE49F3}.Release|Any CPU.ActiveCfg = Release|Any CPU
		{4BCDBFDB-D9F8-4219-9284-B55A36AE49F3}.Release|Any CPU.Build.0 = Release|Any CPU
		{E8894E79-A0E3-4AB3-91B6-33EBAABA5206}.Debug|Any CPU.ActiveCfg = Debug|Any CPU
		{E8894E79-A0E3-4AB3-91B6-33EBAABA5206}.Debug|Any CPU.Build.0 = Debug|Any CPU
		{E8894E79-A0E3-4AB3-91B6-33EBAABA5206}.Release|Any CPU.ActiveCfg = Release|Any CPU
		{E8894E79-A0E3-4AB3-91B6-33EBAABA5206}.Release|Any CPU.Build.0 = Release|Any CPU
		{9B5E617F-7864-4152-BBEC-DFB428FD08D5}.Debug|Any CPU.ActiveCfg = Debug|Any CPU
		{9B5E617F-7864-4152-BBEC-DFB428FD08D5}.Debug|Any CPU.Build.0 = Debug|Any CPU
		{9B5E617F-7864-4152-BBEC-DFB428FD08D5}.Release|Any CPU.ActiveCfg = Release|Any CPU
		{9B5E617F-7864-4152-BBEC-DFB428FD08D5}.Release|Any CPU.Build.0 = Release|Any CPU
		{5FDB1B93-8521-4173-93E0-ED3F9040C2C2}.Debug|Any CPU.ActiveCfg = Debug|Any CPU
		{5FDB1B93-8521-4173-93E0-ED3F9040C2C2}.Debug|Any CPU.Build.0 = Debug|Any CPU
		{5FDB1B93-8521-4173-93E0-ED3F9040C2C2}.Release|Any CPU.ActiveCfg = Release|Any CPU
		{5FDB1B93-8521-4173-93E0-ED3F9040C2C2}.Release|Any CPU.Build.0 = Release|Any CPU
	EndGlobalSection
	GlobalSection(SolutionProperties) = preSolution
		HideSolutionNode = FALSE
	EndGlobalSection
	GlobalSection(NestedProjects) = preSolution
		{BEBEE7BE-A179-4B6B-9826-835286F5B430} = {80A775AA-7E64-4932-BE28-5A6E2540571A}
		{18EB868E-5E46-4362-9E6C-47F168076B57} = {40919672-0824-4F58-9123-3A7448F3A56A}
		{E41EEE71-7339-46C1-BACA-0ED659F9662E} = {3ED7D775-CC67-455D-A4CB-8F8DC16AD1A2}
		{7EFA4CF8-E4F9-469E-A077-495ECC18A8A5} = {9102D1E0-2943-4197-A5D9-A3EA17A11D23}
		{4BCDBFDB-D9F8-4219-9284-B55A36AE49F3} = {3ED7D775-CC67-455D-A4CB-8F8DC16AD1A2}
		{E8894E79-A0E3-4AB3-91B6-33EBAABA5206} = {3ED7D775-CC67-455D-A4CB-8F8DC16AD1A2}
		{9B5E617F-7864-4152-BBEC-DFB428FD08D5} = {9102D1E0-2943-4197-A5D9-A3EA17A11D23}
		{5FDB1B93-8521-4173-93E0-ED3F9040C2C2} = {40919672-0824-4F58-9123-3A7448F3A56A}
	EndGlobalSection
	GlobalSection(ExtensibilityGlobals) = postSolution
		SolutionGuid = {912629EB-0B97-48A0-901C-F83E5E8F2A0C}
	EndGlobalSection
EndGlobal
